
Microsoft Visual Studio Solution File, Format Version 12.00
# Visual Studio Version 17
VisualStudioVersion = 17.3.32901.215
MinimumVisualStudioVersion = 10.0.40219.1
Project("{FAE04EC0-301F-11D3-BF4B-00C04F79EFBC}") = "AzDocumentReadOpenAIAPI", "AzDocumentReadOpenAIAPI\AzDocumentReadOpenAIAPI.csproj", "{BACE6784-EDDB-4170-BAAE-AE77D5DE2C81}"
EndProject
Global
	GlobalSection(SolutionConfigurationPlatforms) = preSolution
		Debug|Any CPU = Debug|Any CPU
		Release|Any CPU = Release|Any CPU
	EndGlobalSection
	GlobalSection(ProjectConfigurationPlatforms) = postSolution
		{BACE6784-EDDB-4170-BAAE-AE77D5DE2C81}.Debug|Any CPU.ActiveCfg = Debug|Any CPU
		{BACE6784-EDDB-4170-BAAE-AE77D5DE2C81}.Debug|Any CPU.Build.0 = Debug|Any CPU
		{BACE6784-EDDB-4170-BAAE-AE77D5DE2C81}.Release|Any CPU.ActiveCfg = Release|Any CPU
		{BACE6784-EDDB-4170-BAAE-AE77D5DE2C81}.Release|Any CPU.Build.0 = Release|Any CPU
	EndGlobalSection
	GlobalSection(SolutionProperties) = preSolution
		HideSolutionNode = FALSE
	EndGlobalSection
	GlobalSection(ExtensibilityGlobals) = postSolution
		SolutionGuid = {FF00A7A9-15F8-43DB-9EF5-2C03C9A08076}
	EndGlobalSection
EndGlobal
